schema: '2.0'
stages:
  prepare:
    cmd: python src/prepare.py
    deps:
    - path: src/prepare.py
      hash: md5
      md5: ad0c859e38bfbd5e0db1733673adf45f
      size: 715
    outs:
    - path: data/raw
      hash: md5
      md5: 0a2fc63869fef5432996d7110256447d.dir
      size: 54951020
      nfiles: 2
  preprocess:
    cmd: python src/preprocess.py
    deps:
    - path: data/raw
      hash: md5
      md5: 0a2fc63869fef5432996d7110256447d.dir
      size: 54951020
      nfiles: 2
    - path: src/preprocess.py
      hash: md5
      md5: e2ae94ed003f7ee3524b27c967df3fa6
      size: 2244
    params:
      params.yaml:
        preprocess.normalization: minus_one_one
        preprocess.seed: 42
        preprocess.val_size: 0.1
    outs:
    - path: data/processed
      hash: md5
      md5: bc407e0136d17f2132f0f4b3a8fcafc0.dir
      size: 219591530
      nfiles: 3
  train:
    cmd: python src/train.py
    deps:
    - path: data/processed
      hash: md5
      md5: bc407e0136d17f2132f0f4b3a8fcafc0.dir
      size: 219591530
      nfiles: 3
    - path: src/train.py
      hash: md5
      md5: 2b148764d1dc1f9e6bec496b58d366d9
      size: 1504
    params:
      params.yaml:
        train.batch_size: 32
        train.dense_units: 256
        train.dropout_rate: 0.2
        train.epochs: 20
        train.learning_rate: 0.001
    outs:
    - path: models
      hash: md5
      md5: 79857c893e6c894490d5ad6e041b5413.dir
      size: 2468528
      nfiles: 2
  evaluate:
    cmd: python src/evaluate.py
    deps:
    - path: data/processed
      hash: md5
      md5: bc407e0136d17f2132f0f4b3a8fcafc0.dir
      size: 219591530
      nfiles: 3
    - path: models
      hash: md5
      md5: 79857c893e6c894490d5ad6e041b5413.dir
      size: 2468528
      nfiles: 2
    - path: src/evaluate.py
      hash: md5
      md5: b65238ab44cad47ad7eaf8fc4ddd9604
      size: 1846
    outs:
    - path: metrics.json
      hash: md5
      md5: 2333e7e67ef2278e81ceac7f1405c3c0
      size: 77
    - path: reports/confusion_matrix.png
      hash: md5
      md5: 67d1fcb932af28648cbfe765ed5d036c
      size: 89820
